
Microsoft Visual Studio Solution File, Format Version 12.00
# Visual Studio Version 16
VisualStudioVersion = 16.0.30011.22
MinimumVisualStudioVersion = 10.0.40219.1
Project("{FAE04EC0-301F-11D3-BF4B-00C04F79EFBC}") = "encryptor", "encryptor\encryptor.csproj", "{A463417D-7977-4ECE-9A16-6821F7E6F2DE}"
EndProject
Global
	GlobalSection(SolutionConfigurationPlatforms) = preSolution
		Debug|Any CPU = Debug|Any CPU
		Release|Any CPU = Release|Any CPU
	EndGlobalSection
	GlobalSection(ProjectConfigurationPlatforms) = postSolution
		{A463417D-7977-4ECE-9A16-6821F7E6F2DE}.Debug|Any CPU.ActiveCfg = Debug|Any CPU
		{A463417D-7977-4ECE-9A16-6821F7E6F2DE}.Debug|Any CPU.Build.0 = Debug|Any CPU
		{A463417D-7977-4ECE-9A16-6821F7E6F2DE}.Release|Any CPU.ActiveCfg = Release|Any CPU
		{A463417D-7977-4ECE-9A16-6821F7E6F2DE}.Release|Any CPU.Build.0 = Release|Any CPU
	EndGlobalSection
	GlobalSection(SolutionProperties) = preSolution
		HideSolutionNode = FALSE
	EndGlobalSection
	GlobalSection(ExtensibilityGlobals) = postSolution
		SolutionGuid = {8CAEE8E3-E8C4-4D31-9E33-EE5ECBBB8AF9}
	EndGlobalSection
EndGlobal
